
Microsoft Visual Studio Solution File, Format Version 12.00
# Visual Studio Version 17
VisualStudioVersion = 17.5.33414.496
MinimumVisualStudioVersion = 10.0.40219.1
Project("{8BC9CEB8-8B4A-11D0-8D11-00A0C91BC942}") = "finalproject_145", "finalproject_145\finalproject_145.vcxproj", "{9FB9F8DC-CE30-4466-8CD2-D0748FC45F12}"
EndProject
Global
	GlobalSection(SolutionConfigurationPlatforms) = preSolution
		Debug|x64 = Debug|x64
		Debug|x86 = Debug|x86
		Release|x64 = Release|x64
		Release|x86 = Release|x86
	EndGlobalSection
	GlobalSection(ProjectConfigurationPlatforms) = postSolution
		{9FB9F8DC-CE30-4466-8CD2-D0748FC45F12}.Debug|x64.ActiveCfg = Debug|x64
		{9FB9F8DC-CE30-4466-8CD2-D0748FC45F12}.Debug|x64.Build.0 = Debug|x64
		{9FB9F8DC-CE30-4466-8CD2-D0748FC45F12}.Debug|x86.ActiveCfg = Debug|Win32
		{9FB9F8DC-CE30-4466-8CD2-D0748FC45F12}.Debug|x86.Build.0 = Debug|Win32
		{9FB9F8DC-CE30-4466-8CD2-D0748FC45F12}.Release|x64.ActiveCfg = Release|x64
		{9FB9F8DC-CE30-4466-8CD2-D0748FC45F12}.Release|x64.Build.0 = Release|x64
		{9FB9F8DC-CE30-4466-8CD2-D0748FC45F12}.Release|x86.ActiveCfg = Release|Win32
		{9FB9F8DC-CE30-4466-8CD2-D0748FC45F12}.Release|x86.Build.0 = Release|Win32
	EndGlobalSection
	GlobalSection(SolutionProperties) = preSolution
		HideSolutionNode = FALSE
	EndGlobalSection
	GlobalSection(ExtensibilityGlobals) = postSolution
		SolutionGuid = {1EC3514E-D4F4-4AEA-AEB3-2AB0F29B45D2}
	EndGlobalSection
EndGlobal
